
Microsoft Visual Studio Solution File, Format Version 12.00
# Visual Studio 15
Project("{FAE04EC0-301F-11D3-BF4B-00C04F79EFBC}") = "Assembly-CSharp", "Assembly-CSharp.csproj", "{A3B89A1A-7AB7-FFEA-8DE0-207B37183246}"
EndProject
Project("{FAE04EC0-301F-11D3-BF4B-00C04F79EFBC}") = "Assembly-CSharp-firstpass", "Assembly-CSharp-firstpass.csproj", "{1658A8D0-AE68-7F71-FEBE-D5EBDF32CC8D}"
EndProject
Project("{FAE04EC0-301F-11D3-BF4B-00C04F79EFBC}") = "Assembly-CSharp-Editor-firstpass", "Assembly-CSharp-Editor-firstpass.csproj", "{C88881DF-1107-3FC5-61CE-4496D2B1D284}"
EndProject
Project("{FAE04EC0-301F-11D3-BF4B-00C04F79EFBC}") = "Assembly-CSharp-Editor", "Assembly-CSharp-Editor.csproj", "{DE5B95AC-3969-794F-04BD-8A0DA0EC5AD6}"
EndProject
Global
	GlobalSection(SolutionConfigurationPlatforms) = preSolution
		Debug|Any CPU = Debug|Any CPU
		Release|Any CPU = Release|Any CPU
	EndGlobalSection
	GlobalSection(ProjectConfigurationPlatforms) = postSolution
		{A3B89A1A-7AB7-FFEA-8DE0-207B37183246}.Debug|Any CPU.ActiveCfg = Debug|Any CPU
		{A3B89A1A-7AB7-FFEA-8DE0-207B37183246}.Debug|Any CPU.Build.0 = Debug|Any CPU
		{A3B89A1A-7AB7-FFEA-8DE0-207B37183246}.Release|Any CPU.ActiveCfg = Release|Any CPU
		{A3B89A1A-7AB7-FFEA-8DE0-207B37183246}.Release|Any CPU.Build.0 = Release|Any CPU
		{1658A8D0-AE68-7F71-FEBE-D5EBDF32CC8D}.Debug|Any CPU.ActiveCfg = Debug|Any CPU
		{1658A8D0-AE68-7F71-FEBE-D5EBDF32CC8D}.Debug|Any CPU.Build.0 = Debug|Any CPU
		{1658A8D0-AE68-7F71-FEBE-D5EBDF32CC8D}.Release|Any CPU.ActiveCfg = Release|Any CPU
		{1658A8D0-AE68-7F71-FEBE-D5EBDF32CC8D}.Release|Any CPU.Build.0 = Release|Any CPU
		{C88881DF-1107-3FC5-61CE-4496D2B1D284}.Debug|Any CPU.ActiveCfg = Debug|Any CPU
		{C88881DF-1107-3FC5-61CE-4496D2B1D284}.Debug|Any CPU.Build.0 = Debug|Any CPU
		{C88881DF-1107-3FC5-61CE-4496D2B1D284}.Release|Any CPU.ActiveCfg = Release|Any CPU
		{C88881DF-1107-3FC5-61CE-4496D2B1D284}.Release|Any CPU.Build.0 = Release|Any CPU
		{DE5B95AC-3969-794F-04BD-8A0DA0EC5AD6}.Debug|Any CPU.ActiveCfg = Debug|Any CPU
		{DE5B95AC-3969-794F-04BD-8A0DA0EC5AD6}.Debug|Any CPU.Build.0 = Debug|Any CPU
		{DE5B95AC-3969-794F-04BD-8A0DA0EC5AD6}.Release|Any CPU.ActiveCfg = Release|Any CPU
		{DE5B95AC-3969-794F-04BD-8A0DA0EC5AD6}.Release|Any CPU.Build.0 = Release|Any CPU
	EndGlobalSection
	GlobalSection(SolutionProperties) = preSolution
		HideSolutionNode = FALSE
	EndGlobalSection
EndGlobal
